{
  "nodes": {
    "fenix": {
      "inputs": {
        "nixpkgs": "nixpkgs",
        "rust-analyzer-src": "rust-analyzer-src"
      },
      "locked": {
        "lastModified": 1638512689,
        "narHash": "sha256-qe14Tz6D5mWPPl2baQynOdjmfeS+7ezsgS8DsQSRRMg=",
        "owner": "nix-community",
        "repo": "fenix",
        "rev": "8ff4530ee34e173474fadce52881ce893a151339",
        "type": "github"
      },
      "original": {
        "owner": "nix-community",
        "repo": "fenix",
        "type": "github"
      }
    },
    "home": {
      "inputs": {
        "nixpkgs": "nixpkgs_2"
      },
      "locked": {
        "lastModified": 1638571010,
        "narHash": "sha256-KSO7u13VRLdklQTKYJaBSfVcurEvw+HifAsHR7V2i5E=",
        "owner": "nix-community",
        "repo": "home-manager",
        "rev": "781d25b315def05cd7ede3765226c54216f0b1fe",
        "type": "github"
      },
      "original": {
        "owner": "nix-community",
        "repo": "home-manager",
        "type": "github"
      }
    },
    "nixpkgs": {
      "locked": {
        "lastModified": 1638376152,
        "narHash": "sha256-ucgLpVqhFnClH7YRUHBHnmiOd82RZdFR3XJt36ks5fE=",
        "owner": "nixos",
        "repo": "nixpkgs",
        "rev": "6daa4a5c045d40e6eae60a3b6e427e8700f1c07f",
        "type": "github"
      },
      "original": {
        "owner": "nixos",
        "ref": "nixos-unstable",
        "repo": "nixpkgs",
        "type": "github"
      }
    },
    "nixpkgs_2": {
      "locked": {
        "lastModified": 1638590870,
        "narHash": "sha256-HQ0KlmCVGeTngX+top/5s6QYN9dQrWmskWzB7iREpeA=",
        "owner": "NixOS",
        "repo": "nixpkgs",
        "rev": "bb9bd465b625bfc971908c5d3d84ce517e1c0691",
        "type": "github"
      },
      "original": {
        "id": "nixpkgs",
        "type": "indirect"
      }
    },
    "nixpkgs_3": {
      "locked": {
        "lastModified": 1638376152,
        "narHash": "sha256-ucgLpVqhFnClH7YRUHBHnmiOd82RZdFR3XJt36ks5fE=",
        "owner": "nixos",
        "repo": "nixpkgs",
        "rev": "6daa4a5c045d40e6eae60a3b6e427e8700f1c07f",
        "type": "github"
      },
      "original": {
        "owner": "nixos",
        "ref": "nixos-unstable",
        "repo": "nixpkgs",
        "type": "github"
      }
    },
    "nur": {
      "locked": {
        "lastModified": 1638590876,
        "narHash": "sha256-oTdvFASo03/6dNUguPpalNUIh2Kbla/+7Ohx8zocrfo=",
        "owner": "nix-community",
        "repo": "NUR",
        "rev": "79934d7c4e742fb0aa442f28be8a9b83d02bc541",
        "type": "github"
      },
      "original": {
        "owner": "nix-community",
        "repo": "NUR",
        "type": "github"
      }
    },
    "root": {
      "inputs": {
        "fenix": "fenix",
        "home": "home",
        "nixpkgs": "nixpkgs_3",
        "nur": "nur"
      }
    },
    "rust-analyzer-src": {
      "flake": false,
      "locked": {
        "lastModified": 1638466676,
        "narHash": "sha256-lxeNZhydqqgdplpfFMQZeBC4TV6as4eGvqcTpLgV+Ls=",
        "owner": "rust-analyzer",
        "repo": "rust-analyzer",
        "rev": "3b02aec0cce563e21c3545d434c14df17b1d392a",
        "type": "github"
      },
      "original": {
        "owner": "rust-analyzer",
        "ref": "nightly",
        "repo": "rust-analyzer",
        "type": "github"
      }
    }
  },
  "root": "root",
  "version": 7
}
