{
  "nodes": {
    "fenix": {
      "inputs": {
        "nixpkgs": "nixpkgs",
        "rust-analyzer-src": "rust-analyzer-src"
      },
      "locked": {
        "lastModified": 1639895078,
        "narHash": "sha256-Qnxm2ReK2tEKyNabfKMPqpIJ2U+JFZZZE1bfsToF9Y4=",
        "owner": "nix-community",
        "repo": "fenix",
        "rev": "c2052cebeaa3f06526b10bfa866d4dd12d7e415e",
        "type": "github"
      },
      "original": {
        "owner": "nix-community",
        "repo": "fenix",
        "type": "github"
      }
    },
    "hardware": {
      "locked": {
        "lastModified": 1639240632,
        "narHash": "sha256-BAXhgnPOW1COIfZ9EOOFTdolalYS73MFHSRajgrSdZw=",
        "owner": "NixOS",
        "repo": "nixos-hardware",
        "rev": "2a7063461c3751d83869a2a0a8ebc59e34bec5b2",
        "type": "github"
      },
      "original": {
        "owner": "NixOS",
        "ref": "master",
        "repo": "nixos-hardware",
        "type": "github"
      }
    },
    "home": {
      "inputs": {
        "nixpkgs": "nixpkgs_2"
      },
      "locked": {
        "lastModified": 1639891275,
        "narHash": "sha256-2IMLVTtOHV9kBsirGPRpo8NE48Mjq20iXN7l7uy0YjE=",
        "owner": "nix-community",
        "repo": "home-manager",
        "rev": "3db603677509eb0b8c396a3234b1d4b70d023894",
        "type": "github"
      },
      "original": {
        "owner": "nix-community",
        "repo": "home-manager",
        "type": "github"
      }
    },
    "nixpkgs": {
      "locked": {
        "lastModified": 1639699734,
        "narHash": "sha256-tlX6WebGmiHb2Hmniff+ltYp+7dRfdsBxw9YczLsP60=",
        "owner": "nixos",
        "repo": "nixpkgs",
        "rev": "03ec468b14067729a285c2c7cfa7b9434a04816c",
        "type": "github"
      },
      "original": {
        "owner": "nixos",
        "ref": "nixos-unstable",
        "repo": "nixpkgs",
        "type": "github"
      }
    },
    "nixpkgs_2": {
      "locked": {
        "lastModified": 1639955162,
        "narHash": "sha256-bRhzK0h4n1YirCsJz7pkpXXy2+ruth/bUh7PwRrRnW4=",
        "owner": "NixOS",
        "repo": "nixpkgs",
        "rev": "2beba9a23a8381eb95187f46b10c3677d8f63ca1",
        "type": "github"
      },
      "original": {
        "id": "nixpkgs",
        "type": "indirect"
      }
    },
    "nixpkgs_3": {
      "locked": {
        "lastModified": 1639876010,
        "narHash": "sha256-naGsoUfsY92NaIGiFI8XFXBnesw8BQGe694xcfaLMDI=",
        "owner": "nixos",
        "repo": "nixpkgs",
        "rev": "395879c28386e1abf20c7ecacd45880759548391",
        "type": "github"
      },
      "original": {
        "owner": "nixos",
        "ref": "nixos-unstable",
        "repo": "nixpkgs",
        "type": "github"
      }
    },
    "nur": {
      "locked": {
        "lastModified": 1639966458,
        "narHash": "sha256-HU63csaoLI8DsFYargSLqNNjlDiHhUrW7ZTsFLcZhqw=",
        "owner": "nix-community",
        "repo": "NUR",
        "rev": "68f23ec8da1d6be4d82ad5c6b7d56133a7827893",
        "type": "github"
      },
      "original": {
        "owner": "nix-community",
        "repo": "NUR",
        "type": "github"
      }
    },
    "root": {
      "inputs": {
        "fenix": "fenix",
        "hardware": "hardware",
        "home": "home",
        "nixpkgs": "nixpkgs_3",
        "nur": "nur"
      }
    },
    "rust-analyzer-src": {
      "flake": false,
      "locked": {
        "lastModified": 1639175515,
        "narHash": "sha256-Yj38u9BpKfyGrcSEaoSEnOns885xn/Ask6lR5rsxS8k=",
        "owner": "rust-analyzer",
        "repo": "rust-analyzer",
        "rev": "d03397fe1173eaeb2e04c9e55ac223289e7e08ee",
        "type": "github"
      },
      "original": {
        "owner": "rust-analyzer",
        "ref": "nightly",
        "repo": "rust-analyzer",
        "type": "github"
      }
    }
  },
  "root": "root",
  "version": 7
}
