{
  "nodes": {
    "cachix": {
      "locked": {
        "lastModified": 1633709683,
        "narHash": "sha256-KVJEToVd6SuUqc2XFIpfSjns07orqEWzIq9AcF/SIf8=",
        "owner": "nixos",
        "repo": "nixpkgs",
        "rev": "ce7a1190a0fa4ba3465b5f5471b08567060ca14c",
        "type": "github"
      },
      "original": {
        "owner": "nixos",
        "ref": "nixos-21.05",
        "repo": "nixpkgs",
        "type": "github"
      }
    },
    "home": {
      "inputs": {
        "nixpkgs": "nixpkgs"
      },
      "locked": {
        "lastModified": 1633733120,
        "narHash": "sha256-IdUgCn7eud2he4LWZpzFPf1D2u+mjZC09mvo3oSNoss=",
        "owner": "nix-community",
        "repo": "home-manager",
        "rev": "32285d8fe64138a41f1caed23d94f28529ea4eb4",
        "type": "github"
      },
      "original": {
        "owner": "nix-community",
        "repo": "home-manager",
        "type": "github"
      }
    },
    "nixpkgs": {
      "locked": {
        "lastModified": 1633748471,
        "narHash": "sha256-ygRUwUZrHugdQmw7HpJ6QFT9GfWT7cSSdXBRXY+kUDM=",
        "owner": "NixOS",
        "repo": "nixpkgs",
        "rev": "9d83e16522cfbcd5c586335faec8890a57c3862c",
        "type": "github"
      },
      "original": {
        "id": "nixpkgs",
        "type": "indirect"
      }
    },
    "nixpkgs-wayland": {
      "inputs": {
        "cachix": "cachix",
        "nixpkgs": "nixpkgs_3"
      },
      "locked": {
        "lastModified": 1633747189,
        "narHash": "sha256-QR+V0O9OkYU+mMeUDAtxDhnEowZYqoQwWv9oSY+1zBc=",
        "owner": "nix-community",
        "repo": "nixpkgs-wayland",
        "rev": "d89a250ba5c82b741bb66d2de555679b3efffff9",
        "type": "github"
      },
      "original": {
        "owner": "nix-community",
        "repo": "nixpkgs-wayland",
        "type": "github"
      }
    },
    "nixpkgs_2": {
      "locked": {
        "lastModified": 1633617995,
        "narHash": "sha256-+RfYXTAXtULLSAMFDHWaA20NhNg3YQ9GcntVJqDDjSI=",
        "owner": "nixos",
        "repo": "nixpkgs",
        "rev": "70088dc29994c32f8520150e34c6e57e8453f895",
        "type": "github"
      },
      "original": {
        "owner": "nixos",
        "ref": "nixos-unstable",
        "repo": "nixpkgs",
        "type": "github"
      }
    },
    "nixpkgs_3": {
      "locked": {
        "lastModified": 1633617995,
        "narHash": "sha256-+RfYXTAXtULLSAMFDHWaA20NhNg3YQ9GcntVJqDDjSI=",
        "owner": "nixos",
        "repo": "nixpkgs",
        "rev": "70088dc29994c32f8520150e34c6e57e8453f895",
        "type": "github"
      },
      "original": {
        "owner": "nixos",
        "ref": "nixos-unstable",
        "repo": "nixpkgs",
        "type": "github"
      }
    },
    "nur": {
      "locked": {
        "lastModified": 1633752238,
        "narHash": "sha256-9gPrZXmTiGoF0OkN8PKOZaV8Mz0l0AELX9iYG/sfKss=",
        "owner": "nix-community",
        "repo": "NUR",
        "rev": "997b88bd35c05318cfe52a304e6d1ee60a4b8c55",
        "type": "github"
      },
      "original": {
        "owner": "nix-community",
        "repo": "NUR",
        "type": "github"
      }
    },
    "root": {
      "inputs": {
        "home": "home",
        "nixpkgs": "nixpkgs_2",
        "nixpkgs-wayland": "nixpkgs-wayland",
        "nur": "nur"
      }
    }
  },
  "root": "root",
  "version": 7
}
